<?xml version="1.0" encoding="utf-8"?>
<Project ToolsVersion="4.0" xmlns="http://schemas.microsoft.com/developer/msbuild/2003">
  <ItemGroup>
    <Filter Include="Source Files">
      <UniqueIdentifier>{29f70edd-caf4-4eaf-9f4d-172323c03323}</UniqueIdentifier>
      <Extensions>cpp;c;cxx;rc;def;r;odl;idl;hpj;bat</Extensions>
    </Filter>
    <Filter Include="Header Files">
      <UniqueIdentifier>{de352090-0dae-4ca1-929f-25fb4e0ea04e}</UniqueIdentifier>
      <Extensions>h;hpp;hxx;hm;inl</Extensions>
    </Filter>
    <Filter Include="Resource Files">
      <UniqueIdentifier>{9d204b1f-062f-4d27-b6e1-8aedaf161899}</UniqueIdentifier>
      <Extensions>ico;cur;bmp;dlg;rc2;rct;bin;rgs;gif;jpg;jpeg;jpe</Extensions>
    </Filter>
  </ItemGroup>
  <ItemGroup>
    <ClCompile Include="HexEdit.cpp">
      <Filter>Source Files</Filter>
    </ClCompile>
    <ClCompile Include="hexeditbase.cpp">
      <Filter>Source Files</Filter>
    </ClCompile>
    <ClCompile Include="StdAfx.cpp">
      <Filter>Source Files</Filter>
    </ClCompile>
    <ClCompile Include="USB2SPI_FLASH_TEST.cpp">
      <Filter>Source Files</Filter>
    </ClCompile>
    <ClCompile Include="USB2SPI_FLASH_TESTDlg.cpp">
      <Filter>Source Files</Filter>
    </ClCompile>
  </ItemGroup>
  <ItemGroup>
    <ResourceCompile Include="USB2SPI_FLASH_TEST.rc">
      <Filter>Source Files</Filter>
    </ResourceCompile>
  </ItemGroup>
  <ItemGroup>
    <ClInclude Include="HexEdit.h">
      <Filter>Header Files</Filter>
    </ClInclude>
    <ClInclude Include="hexeditbase.h">
      <Filter>Header Files</Filter>
    </ClInclude>
    <ClInclude Include="Resource.h">
      <Filter>Header Files</Filter>
    </ClInclude>
    <ClInclude Include="StdAfx.h">
      <Filter>Header Files</Filter>
    </ClInclude>
    <ClInclude Include="USB2SPI_FLASH_TEST.h">
      <Filter>Header Files</Filter>
    </ClInclude>
    <ClInclude Include="USB2SPI_FLASH_TESTDlg.h">
      <Filter>Header Files</Filter>
    </ClInclude>
    <ClInclude Include="USB2UARTSPIIICDLL.h">
      <Filter>Header Files</Filter>
    </ClInclude>
  </ItemGroup>
  <ItemGroup>
    <Library Include="USB2UARTSPIIICDLL.lib" />
  </ItemGroup>
  <ItemGroup>
    <CustomBuild Include="res\USB2SPI_FLASH_TEST.ico">
      <Filter>Resource Files</Filter>
    </CustomBuild>
    <CustomBuild Include="res\USB2SPI_FLASH_TEST.rc2">
      <Filter>Resource Files</Filter>
    </CustomBuild>
    <CustomBuild Include="ReadMe.txt" />
  </ItemGroup>
</Project>